
Microsoft Visual Studio Solution File, Format Version 12.00
# Visual Studio Version 17
VisualStudioVersion = 17.2.32526.322
MinimumVisualStudioVersion = 10.0.40219.1
Project("{2150E333-8FDC-42A3-9474-1A3956D46DE8}") = "3-Dominio", "3-Dominio", "{E2BF2607-9C10-4589-8B3B-79DE9A33048F}"
EndProject
Project("{9A19103F-16F7-4668-BE54-9A1E7A4F7556}") = "LocadoraVeiculos.Dominio", "LocadoraVeiculos.Dominio\LocadoraVeiculos.Dominio.csproj", "{F4EF4DCA-57DE-4EB6-B4CA-E0D1153F29F9}"
EndProject
Project("{2150E333-8FDC-42A3-9474-1A3956D46DE8}") = "4-Infra", "4-Infra", "{061826BF-B561-42EF-AC27-F1446D7E8696}"
EndProject
Project("{9A19103F-16F7-4668-BE54-9A1E7A4F7556}") = "LocadoraVeiculos.Infra.BancoDados", "LocadoraVeiculos.Infra\LocadoraVeiculos.Infra.BancoDados.csproj", "{3A4D922C-2AD2-4ABE-99D0-C6DF02DA328C}"
EndProject
Project("{2150E333-8FDC-42A3-9474-1A3956D46DE8}") = "1-Apresentacao", "1-Apresentacao", "{52406796-9F18-45E8-A443-0533B10C3BAB}"
EndProject
Project("{9A19103F-16F7-4668-BE54-9A1E7A4F7556}") = "LocadoraVeiculos.Apresentacao", "LocadoraVeiculos.Apresentacao\LocadoraVeiculos.Apresentacao.csproj", "{F8A2967C-6B16-4BBD-AC3E-D9890FA036F1}"
	ProjectSection(ProjectDependencies) = postProject
		{F4EF4DCA-57DE-4EB6-B4CA-E0D1153F29F9} = {F4EF4DCA-57DE-4EB6-B4CA-E0D1153F29F9}
	EndProjectSection
EndProject
Project("{2150E333-8FDC-42A3-9474-1A3956D46DE8}") = "5-Tests", "5-Tests", "{A80A5E20-FFBF-41E5-B10C-4E3FC8E61A25}"
EndProject
Project("{2150E333-8FDC-42A3-9474-1A3956D46DE8}") = "TestesUnitarios", "TestesUnitarios", "{4E94E9C4-B3FC-4F23-A038-AD01417DC1C3}"
EndProject
Project("{2150E333-8FDC-42A3-9474-1A3956D46DE8}") = "TestesIntegração", "TestesIntegração", "{D3E00038-1564-4082-A01E-C572152EE60E}"
EndProject
Project("{9A19103F-16F7-4668-BE54-9A1E7A4F7556}") = "LocadoraVeiculos.Infra.Tests", "LocadoraVeiculos.Infra.Tests\LocadoraVeiculos.Infra.Tests.csproj", "{9E853E6D-ECE7-41F7-8AA5-12EE138565FE}"
	ProjectSection(ProjectDependencies) = postProject
		{3A4D922C-2AD2-4ABE-99D0-C6DF02DA328C} = {3A4D922C-2AD2-4ABE-99D0-C6DF02DA328C}
	EndProjectSection
EndProject
Project("{9A19103F-16F7-4668-BE54-9A1E7A4F7556}") = "LocadoraVeiculos.Dominio.Tests", "LocadoraVeiculos.Dominio.Tests\LocadoraVeiculos.Dominio.Tests.csproj", "{79D1BD3C-34F1-4696-B848-F3D36E1D2A09}"
	ProjectSection(ProjectDependencies) = postProject
		{F4EF4DCA-57DE-4EB6-B4CA-E0D1153F29F9} = {F4EF4DCA-57DE-4EB6-B4CA-E0D1153F29F9}
	EndProjectSection
EndProject
Project("{00D1A9C2-B5F0-4AF3-8072-F6C62B433612}") = "LocadoraVeiculos.Projeto.BancoDados", "LocadoraVeiculos.Projeto.BancoDados\LocadoraVeiculos.Projeto.BancoDados.sqlproj", "{3E302158-C8FD-4A12-B874-951C634299DC}"
EndProject
Project("{2150E333-8FDC-42A3-9474-1A3956D46DE8}") = "2-Aplicação", "2-Aplicação", "{C6FCADA0-1228-45BE-A2FC-E9231264CD1A}"
EndProject
Project("{9A19103F-16F7-4668-BE54-9A1E7A4F7556}") = "LocadoraVeiculos.Aplicacao", "LocadoraVeiculos.Aplicacao\LocadoraVeiculos.Aplicacao.csproj", "{B082C9BA-5584-483A-8EEE-9B69E6473C8B}"
EndProject
Project("{9A19103F-16F7-4668-BE54-9A1E7A4F7556}") = "LocadoraVeiculos.Infra.Logging", "LocadoraVeiculos.Infra.Logging\LocadoraVeiculos.Infra.Logging.csproj", "{35C6EEE3-6743-46FB-8C9A-A7AFCEEEC842}"
EndProject
Project("{2150E333-8FDC-42A3-9474-1A3956D46DE8}") = "BancoDados", "BancoDados", "{5F2BA340-3225-4C03-8729-9FCF15A585F9}"
EndProject
Project("{2150E333-8FDC-42A3-9474-1A3956D46DE8}") = "Logs", "Logs", "{DDF556D8-F916-4064-ABFB-6564051CC437}"
EndProject
Project("{2150E333-8FDC-42A3-9474-1A3956D46DE8}") = "ORM", "ORM", "{2C4B1428-787D-4C1B-8C15-2B0780995F2C}"
EndProject
Project("{9A19103F-16F7-4668-BE54-9A1E7A4F7556}") = "LocadoraVeiculos.Infra.ORM", "LocadoraVeiculos.Infra.ORM\LocadoraVeiculos.Infra.ORM.csproj", "{22E28E4C-B135-4F26-919B-D7D082CE333B}"
EndProject
Global
	GlobalSection(SolutionConfigurationPlatforms) = preSolution
		Debug|Any CPU = Debug|Any CPU
		Release|Any CPU = Release|Any CPU
	EndGlobalSection
	GlobalSection(ProjectConfigurationPlatforms) = postSolution
		{F4EF4DCA-57DE-4EB6-B4CA-E0D1153F29F9}.Debug|Any CPU.ActiveCfg = Debug|Any CPU
		{F4EF4DCA-57DE-4EB6-B4CA-E0D1153F29F9}.Debug|Any CPU.Build.0 = Debug|Any CPU
		{F4EF4DCA-57DE-4EB6-B4CA-E0D1153F29F9}.Release|Any CPU.ActiveCfg = Release|Any CPU
		{F4EF4DCA-57DE-4EB6-B4CA-E0D1153F29F9}.Release|Any CPU.Build.0 = Release|Any CPU
		{3A4D922C-2AD2-4ABE-99D0-C6DF02DA328C}.Debug|Any CPU.ActiveCfg = Debug|Any CPU
		{3A4D922C-2AD2-4ABE-99D0-C6DF02DA328C}.Debug|Any CPU.Build.0 = Debug|Any CPU
		{3A4D922C-2AD2-4ABE-99D0-C6DF02DA328C}.Release|Any CPU.ActiveCfg = Release|Any CPU
		{3A4D922C-2AD2-4ABE-99D0-C6DF02DA328C}.Release|Any CPU.Build.0 = Release|Any CPU
		{F8A2967C-6B16-4BBD-AC3E-D9890FA036F1}.Debug|Any CPU.ActiveCfg = Debug|Any CPU
		{F8A2967C-6B16-4BBD-AC3E-D9890FA036F1}.Debug|Any CPU.Build.0 = Debug|Any CPU
		{F8A2967C-6B16-4BBD-AC3E-D9890FA036F1}.Release|Any CPU.ActiveCfg = Release|Any CPU
		{F8A2967C-6B16-4BBD-AC3E-D9890FA036F1}.Release|Any CPU.Build.0 = Release|Any CPU
		{9E853E6D-ECE7-41F7-8AA5-12EE138565FE}.Debug|Any CPU.ActiveCfg = Debug|Any CPU
		{9E853E6D-ECE7-41F7-8AA5-12EE138565FE}.Debug|Any CPU.Build.0 = Debug|Any CPU
		{9E853E6D-ECE7-41F7-8AA5-12EE138565FE}.Release|Any CPU.ActiveCfg = Release|Any CPU
		{9E853E6D-ECE7-41F7-8AA5-12EE138565FE}.Release|Any CPU.Build.0 = Release|Any CPU
		{79D1BD3C-34F1-4696-B848-F3D36E1D2A09}.Debug|Any CPU.ActiveCfg = Debug|Any CPU
		{79D1BD3C-34F1-4696-B848-F3D36E1D2A09}.Debug|Any CPU.Build.0 = Debug|Any CPU
		{79D1BD3C-34F1-4696-B848-F3D36E1D2A09}.Release|Any CPU.ActiveCfg = Release|Any CPU
		{79D1BD3C-34F1-4696-B848-F3D36E1D2A09}.Release|Any CPU.Build.0 = Release|Any CPU
		{3E302158-C8FD-4A12-B874-951C634299DC}.Debug|Any CPU.ActiveCfg = Debug|Any CPU
		{3E302158-C8FD-4A12-B874-951C634299DC}.Debug|Any CPU.Build.0 = Debug|Any CPU
		{3E302158-C8FD-4A12-B874-951C634299DC}.Debug|Any CPU.Deploy.0 = Debug|Any CPU
		{3E302158-C8FD-4A12-B874-951C634299DC}.Release|Any CPU.ActiveCfg = Release|Any CPU
		{3E302158-C8FD-4A12-B874-951C634299DC}.Release|Any CPU.Build.0 = Release|Any CPU
		{3E302158-C8FD-4A12-B874-951C634299DC}.Release|Any CPU.Deploy.0 = Release|Any CPU
		{B082C9BA-5584-483A-8EEE-9B69E6473C8B}.Debug|Any CPU.ActiveCfg = Debug|Any CPU
		{B082C9BA-5584-483A-8EEE-9B69E6473C8B}.Debug|Any CPU.Build.0 = Debug|Any CPU
		{B082C9BA-5584-483A-8EEE-9B69E6473C8B}.Release|Any CPU.ActiveCfg = Release|Any CPU
		{B082C9BA-5584-483A-8EEE-9B69E6473C8B}.Release|Any CPU.Build.0 = Release|Any CPU
		{35C6EEE3-6743-46FB-8C9A-A7AFCEEEC842}.Debug|Any CPU.ActiveCfg = Debug|Any CPU
		{35C6EEE3-6743-46FB-8C9A-A7AFCEEEC842}.Debug|Any CPU.Build.0 = Debug|Any CPU
		{35C6EEE3-6743-46FB-8C9A-A7AFCEEEC842}.Release|Any CPU.ActiveCfg = Release|Any CPU
		{35C6EEE3-6743-46FB-8C9A-A7AFCEEEC842}.Release|Any CPU.Build.0 = Release|Any CPU
		{22E28E4C-B135-4F26-919B-D7D082CE333B}.Debug|Any CPU.ActiveCfg = Debug|Any CPU
		{22E28E4C-B135-4F26-919B-D7D082CE333B}.Debug|Any CPU.Build.0 = Debug|Any CPU
		{22E28E4C-B135-4F26-919B-D7D082CE333B}.Release|Any CPU.ActiveCfg = Release|Any CPU
		{22E28E4C-B135-4F26-919B-D7D082CE333B}.Release|Any CPU.Build.0 = Release|Any CPU
	EndGlobalSection
	GlobalSection(SolutionProperties) = preSolution
		HideSolutionNode = FALSE
	EndGlobalSection
	GlobalSection(NestedProjects) = preSolution
		{F4EF4DCA-57DE-4EB6-B4CA-E0D1153F29F9} = {E2BF2607-9C10-4589-8B3B-79DE9A33048F}
		{3A4D922C-2AD2-4ABE-99D0-C6DF02DA328C} = {5F2BA340-3225-4C03-8729-9FCF15A585F9}
		{F8A2967C-6B16-4BBD-AC3E-D9890FA036F1} = {52406796-9F18-45E8-A443-0533B10C3BAB}
		{4E94E9C4-B3FC-4F23-A038-AD01417DC1C3} = {A80A5E20-FFBF-41E5-B10C-4E3FC8E61A25}
		{D3E00038-1564-4082-A01E-C572152EE60E} = {A80A5E20-FFBF-41E5-B10C-4E3FC8E61A25}
		{9E853E6D-ECE7-41F7-8AA5-12EE138565FE} = {D3E00038-1564-4082-A01E-C572152EE60E}
		{79D1BD3C-34F1-4696-B848-F3D36E1D2A09} = {4E94E9C4-B3FC-4F23-A038-AD01417DC1C3}
		{3E302158-C8FD-4A12-B874-951C634299DC} = {5F2BA340-3225-4C03-8729-9FCF15A585F9}
		{B082C9BA-5584-483A-8EEE-9B69E6473C8B} = {C6FCADA0-1228-45BE-A2FC-E9231264CD1A}
		{35C6EEE3-6743-46FB-8C9A-A7AFCEEEC842} = {DDF556D8-F916-4064-ABFB-6564051CC437}
		{5F2BA340-3225-4C03-8729-9FCF15A585F9} = {061826BF-B561-42EF-AC27-F1446D7E8696}
		{DDF556D8-F916-4064-ABFB-6564051CC437} = {061826BF-B561-42EF-AC27-F1446D7E8696}
		{2C4B1428-787D-4C1B-8C15-2B0780995F2C} = {061826BF-B561-42EF-AC27-F1446D7E8696}
		{22E28E4C-B135-4F26-919B-D7D082CE333B} = {2C4B1428-787D-4C1B-8C15-2B0780995F2C}
	EndGlobalSection
	GlobalSection(ExtensibilityGlobals) = postSolution
		SolutionGuid = {C8C3C4CC-A35E-41D0-B2C7-B2E20C17B7CA}
	EndGlobalSection
EndGlobal
