
Microsoft Visual Studio Solution File, Format Version 12.00
# Visual Studio Version 17
VisualStudioVersion = 17.2.32526.322
MinimumVisualStudioVersion = 10.0.40219.1
Project("{2150E333-8FDC-42A3-9474-1A3956D46DE8}") = "Dominio", "Dominio", "{E2BF2607-9C10-4589-8B3B-79DE9A33048F}"
EndProject
Project("{9A19103F-16F7-4668-BE54-9A1E7A4F7556}") = "LocadoraVeiculos.Dominio", "LocadoraVeiculos.Dominio\LocadoraVeiculos.Dominio.csproj", "{F4EF4DCA-57DE-4EB6-B4CA-E0D1153F29F9}"
EndProject
Project("{2150E333-8FDC-42A3-9474-1A3956D46DE8}") = "Infra", "Infra", "{061826BF-B561-42EF-AC27-F1446D7E8696}"
EndProject
Project("{FAE04EC0-301F-11D3-BF4B-00C04F79EFBC}") = "LocadoraVeiculos.Infra", "LocadoraVeiculos.Infra\LocadoraVeiculos.Infra.csproj", "{3A4D922C-2AD2-4ABE-99D0-C6DF02DA328C}"
EndProject
Project("{2150E333-8FDC-42A3-9474-1A3956D46DE8}") = "Tests", "Tests", "{A2AF415E-CCCB-46C6-9319-E29CDD7E0785}"
EndProject
Project("{FAE04EC0-301F-11D3-BF4B-00C04F79EFBC}") = "LocadoraVeiculos.Tests", "LocadoraVeiculos.Tests\LocadoraVeiculos.Tests.csproj", "{0313E93C-80F1-473B-A021-61313E99F33A}"
EndProject
Global
	GlobalSection(SolutionConfigurationPlatforms) = preSolution
		Debug|Any CPU = Debug|Any CPU
		Release|Any CPU = Release|Any CPU
	EndGlobalSection
	GlobalSection(ProjectConfigurationPlatforms) = postSolution
		{F4EF4DCA-57DE-4EB6-B4CA-E0D1153F29F9}.Debug|Any CPU.ActiveCfg = Debug|Any CPU
		{F4EF4DCA-57DE-4EB6-B4CA-E0D1153F29F9}.Debug|Any CPU.Build.0 = Debug|Any CPU
		{F4EF4DCA-57DE-4EB6-B4CA-E0D1153F29F9}.Release|Any CPU.ActiveCfg = Release|Any CPU
		{F4EF4DCA-57DE-4EB6-B4CA-E0D1153F29F9}.Release|Any CPU.Build.0 = Release|Any CPU
		{3A4D922C-2AD2-4ABE-99D0-C6DF02DA328C}.Debug|Any CPU.ActiveCfg = Debug|Any CPU
		{3A4D922C-2AD2-4ABE-99D0-C6DF02DA328C}.Debug|Any CPU.Build.0 = Debug|Any CPU
		{3A4D922C-2AD2-4ABE-99D0-C6DF02DA328C}.Release|Any CPU.ActiveCfg = Release|Any CPU
		{3A4D922C-2AD2-4ABE-99D0-C6DF02DA328C}.Release|Any CPU.Build.0 = Release|Any CPU
		{0313E93C-80F1-473B-A021-61313E99F33A}.Debug|Any CPU.ActiveCfg = Debug|Any CPU
		{0313E93C-80F1-473B-A021-61313E99F33A}.Debug|Any CPU.Build.0 = Debug|Any CPU
		{0313E93C-80F1-473B-A021-61313E99F33A}.Release|Any CPU.ActiveCfg = Release|Any CPU
		{0313E93C-80F1-473B-A021-61313E99F33A}.Release|Any CPU.Build.0 = Release|Any CPU
	EndGlobalSection
	GlobalSection(SolutionProperties) = preSolution
		HideSolutionNode = FALSE
	EndGlobalSection
	GlobalSection(NestedProjects) = preSolution
		{F4EF4DCA-57DE-4EB6-B4CA-E0D1153F29F9} = {E2BF2607-9C10-4589-8B3B-79DE9A33048F}
		{3A4D922C-2AD2-4ABE-99D0-C6DF02DA328C} = {061826BF-B561-42EF-AC27-F1446D7E8696}
		{0313E93C-80F1-473B-A021-61313E99F33A} = {A2AF415E-CCCB-46C6-9319-E29CDD7E0785}
	EndGlobalSection
	GlobalSection(ExtensibilityGlobals) = postSolution
		SolutionGuid = {C8C3C4CC-A35E-41D0-B2C7-B2E20C17B7CA}
	EndGlobalSection
EndGlobal
